
Microsoft Visual Studio Solution File, Format Version 12.00
# Visual Studio 15
VisualStudioVersion = 15.0.27130.2024
MinimumVisualStudioVersion = 10.0.40219.1
Project("{FAE04EC0-301F-11D3-BF4B-00C04F79EFBC}") = "Web2018", "Web2018\Web2018.csproj", "{2ECE8462-B244-4C3B-AF2C-D66444EBBC4B}"
EndProject
Project("{FAE04EC0-301F-11D3-BF4B-00C04F79EFBC}") = "Web2018.Tests", "Web2018.Tests\Web2018.Tests.csproj", "{2727BC75-25A3-4969-AE3A-550144E8E61E}"
EndProject
Global
	GlobalSection(SolutionConfigurationPlatforms) = preSolution
		Debug|Any CPU = Debug|Any CPU
		Release|Any CPU = Release|Any CPU
	EndGlobalSection
	GlobalSection(ProjectConfigurationPlatforms) = postSolution
		{2ECE8462-B244-4C3B-AF2C-D66444EBBC4B}.Debug|Any CPU.ActiveCfg = Debug|Any CPU
		{2ECE8462-B244-4C3B-AF2C-D66444EBBC4B}.Debug|Any CPU.Build.0 = Debug|Any CPU
		{2ECE8462-B244-4C3B-AF2C-D66444EBBC4B}.Release|Any CPU.ActiveCfg = Release|Any CPU
		{2ECE8462-B244-4C3B-AF2C-D66444EBBC4B}.Release|Any CPU.Build.0 = Release|Any CPU
		{2727BC75-25A3-4969-AE3A-550144E8E61E}.Debug|Any CPU.ActiveCfg = Debug|Any CPU
		{2727BC75-25A3-4969-AE3A-550144E8E61E}.Debug|Any CPU.Build.0 = Debug|Any CPU
		{2727BC75-25A3-4969-AE3A-550144E8E61E}.Release|Any CPU.ActiveCfg = Release|Any CPU
		{2727BC75-25A3-4969-AE3A-550144E8E61E}.Release|Any CPU.Build.0 = Release|Any CPU
	EndGlobalSection
	GlobalSection(SolutionProperties) = preSolution
		HideSolutionNode = FALSE
	EndGlobalSection
	GlobalSection(ExtensibilityGlobals) = postSolution
		SolutionGuid = {2911EA2E-EF28-4689-B991-7663D95FF4F4}
	EndGlobalSection
EndGlobal
